
Microsoft Visual Studio Solution File, Format Version 12.00
# Visual Studio Version 16
VisualStudioVersion = 16.0.31624.102
MinimumVisualStudioVersion = 10.0.40219.1
Project("{FAE04EC0-301F-11D3-BF4B-00C04F79EFBC}") = "DhakaPlaza", "DhakaPlaza\DhakaPlaza.csproj", "{621A31E2-4A8A-4F72-9951-B1FE084ADFA9}"
EndProject
Global
	GlobalSection(SolutionConfigurationPlatforms) = preSolution
		Debug|Any CPU = Debug|Any CPU
		Release|Any CPU = Release|Any CPU
	EndGlobalSection
	GlobalSection(ProjectConfigurationPlatforms) = postSolution
		{621A31E2-4A8A-4F72-9951-B1FE084ADFA9}.Debug|Any CPU.ActiveCfg = Debug|Any CPU
		{621A31E2-4A8A-4F72-9951-B1FE084ADFA9}.Debug|Any CPU.Build.0 = Debug|Any CPU
		{621A31E2-4A8A-4F72-9951-B1FE084ADFA9}.Release|Any CPU.ActiveCfg = Release|Any CPU
		{621A31E2-4A8A-4F72-9951-B1FE084ADFA9}.Release|Any CPU.Build.0 = Release|Any CPU
	EndGlobalSection
	GlobalSection(SolutionProperties) = preSolution
		HideSolutionNode = FALSE
	EndGlobalSection
	GlobalSection(ExtensibilityGlobals) = postSolution
		SolutionGuid = {00DECF57-27E1-4DDB-B06C-5522382F0E06}
	EndGlobalSection
EndGlobal
